
Microsoft Visual Studio Solution File, Format Version 12.00
# Visual Studio Version 17
VisualStudioVersion = 17.0.31903.59
MinimumVisualStudioVersion = 10.0.40219.1
Project("{FAE04EC0-301F-11D3-BF4B-00C04F79EFBC}") = "Arian.Querium", "Arian.Querium\Arian.Querium.csproj", "{A59CC1AE-1809-4F06-B423-2DDD76B303C8}"
EndProject
Project("{FAE04EC0-301F-11D3-BF4B-00C04F79EFBC}") = "Arian.Querium.SQLite.Tests", "Arian.Querium.SQLite.Tests\Arian.Querium.SQLite.Tests.csproj", "{9D22EC46-A62C-4F4C-A774-8054327FCF99}"
EndProject
Project("{FAE04EC0-301F-11D3-BF4B-00C04F79EFBC}") = "Arian.Querium.SQLite", "Arian.Querium.SQLite\Arian.Querium.SQLite.csproj", "{E848075F-E26D-74D0-50BB-5C0A8F29D84A}"
EndProject
Global
	GlobalSection(SolutionConfigurationPlatforms) = preSolution
		Debug|Any CPU = Debug|Any CPU
		Release|Any CPU = Release|Any CPU
	EndGlobalSection
	GlobalSection(ProjectConfigurationPlatforms) = postSolution
		{A59CC1AE-1809-4F06-B423-2DDD76B303C8}.Debug|Any CPU.ActiveCfg = Debug|Any CPU
		{A59CC1AE-1809-4F06-B423-2DDD76B303C8}.Debug|Any CPU.Build.0 = Debug|Any CPU
		{A59CC1AE-1809-4F06-B423-2DDD76B303C8}.Release|Any CPU.ActiveCfg = Release|Any CPU
		{A59CC1AE-1809-4F06-B423-2DDD76B303C8}.Release|Any CPU.Build.0 = Release|Any CPU
		{9D22EC46-A62C-4F4C-A774-8054327FCF99}.Debug|Any CPU.ActiveCfg = Debug|Any CPU
		{9D22EC46-A62C-4F4C-A774-8054327FCF99}.Debug|Any CPU.Build.0 = Debug|Any CPU
		{9D22EC46-A62C-4F4C-A774-8054327FCF99}.Release|Any CPU.ActiveCfg = Release|Any CPU
		{9D22EC46-A62C-4F4C-A774-8054327FCF99}.Release|Any CPU.Build.0 = Release|Any CPU
		{E848075F-E26D-74D0-50BB-5C0A8F29D84A}.Debug|Any CPU.ActiveCfg = Debug|Any CPU
		{E848075F-E26D-74D0-50BB-5C0A8F29D84A}.Debug|Any CPU.Build.0 = Debug|Any CPU
		{E848075F-E26D-74D0-50BB-5C0A8F29D84A}.Release|Any CPU.ActiveCfg = Release|Any CPU
		{E848075F-E26D-74D0-50BB-5C0A8F29D84A}.Release|Any CPU.Build.0 = Release|Any CPU
	EndGlobalSection
	GlobalSection(SolutionProperties) = preSolution
		HideSolutionNode = FALSE
	EndGlobalSection
	GlobalSection(ExtensibilityGlobals) = postSolution
		SolutionGuid = {27B37D3D-DB98-4EA3-BE0F-D90AE6928568}
	EndGlobalSection
EndGlobal
